
Microsoft Visual Studio Solution File, Format Version 12.00
# Visual Studio Version 17
VisualStudioVersion = 17.10.35013.160
MinimumVisualStudioVersion = 10.0.40219.1
Project("{9A19103F-16F7-4668-BE54-9A1E7A4F7556}") = "MyShop", "MyShop\MyShop.csproj", "{E72C21A5-3309-4BB6-9A17-20491620FA83}"
EndProject
Project("{9A19103F-16F7-4668-BE54-9A1E7A4F7556}") = "Repositories", "Repositories\Repositories.csproj", "{D2640BAF-6E84-4EF1-810A-B229D9CAFFDF}"
EndProject
Project("{9A19103F-16F7-4668-BE54-9A1E7A4F7556}") = "Entities", "Entities\Entities.csproj", "{03629C45-EC45-4466-8D86-FE1B04CE7688}"
EndProject
Project("{9A19103F-16F7-4668-BE54-9A1E7A4F7556}") = "Services", "Services\Services.csproj", "{5A310165-401D-4485-B91D-22EAF23DA28E}"
EndProject
Project("{FAE04EC0-301F-11D3-BF4B-00C04F79EFBC}") = "ManagerApp", "ManagerApp\ManagerApp.csproj", "{6BC0CBD4-CB7B-44F1-86A6-12D20EEE9727}"
EndProject
Global
	GlobalSection(SolutionConfigurationPlatforms) = preSolution
		Debug|Any CPU = Debug|Any CPU
		Release|Any CPU = Release|Any CPU
	EndGlobalSection
	GlobalSection(ProjectConfigurationPlatforms) = postSolution
		{E72C21A5-3309-4BB6-9A17-20491620FA83}.Debug|Any CPU.ActiveCfg = Debug|Any CPU
		{E72C21A5-3309-4BB6-9A17-20491620FA83}.Debug|Any CPU.Build.0 = Debug|Any CPU
		{E72C21A5-3309-4BB6-9A17-20491620FA83}.Release|Any CPU.ActiveCfg = Release|Any CPU
		{E72C21A5-3309-4BB6-9A17-20491620FA83}.Release|Any CPU.Build.0 = Release|Any CPU
		{D2640BAF-6E84-4EF1-810A-B229D9CAFFDF}.Debug|Any CPU.ActiveCfg = Debug|Any CPU
		{D2640BAF-6E84-4EF1-810A-B229D9CAFFDF}.Debug|Any CPU.Build.0 = Debug|Any CPU
		{D2640BAF-6E84-4EF1-810A-B229D9CAFFDF}.Release|Any CPU.ActiveCfg = Release|Any CPU
		{D2640BAF-6E84-4EF1-810A-B229D9CAFFDF}.Release|Any CPU.Build.0 = Release|Any CPU
		{03629C45-EC45-4466-8D86-FE1B04CE7688}.Debug|Any CPU.ActiveCfg = Debug|Any CPU
		{03629C45-EC45-4466-8D86-FE1B04CE7688}.Debug|Any CPU.Build.0 = Debug|Any CPU
		{03629C45-EC45-4466-8D86-FE1B04CE7688}.Release|Any CPU.ActiveCfg = Release|Any CPU
		{03629C45-EC45-4466-8D86-FE1B04CE7688}.Release|Any CPU.Build.0 = Release|Any CPU
		{5A310165-401D-4485-B91D-22EAF23DA28E}.Debug|Any CPU.ActiveCfg = Debug|Any CPU
		{5A310165-401D-4485-B91D-22EAF23DA28E}.Debug|Any CPU.Build.0 = Debug|Any CPU
		{5A310165-401D-4485-B91D-22EAF23DA28E}.Release|Any CPU.ActiveCfg = Release|Any CPU
		{5A310165-401D-4485-B91D-22EAF23DA28E}.Release|Any CPU.Build.0 = Release|Any CPU
		{6BC0CBD4-CB7B-44F1-86A6-12D20EEE9727}.Debug|Any CPU.ActiveCfg = Debug|Any CPU
		{6BC0CBD4-CB7B-44F1-86A6-12D20EEE9727}.Debug|Any CPU.Build.0 = Debug|Any CPU
		{6BC0CBD4-CB7B-44F1-86A6-12D20EEE9727}.Release|Any CPU.ActiveCfg = Release|Any CPU
		{6BC0CBD4-CB7B-44F1-86A6-12D20EEE9727}.Release|Any CPU.Build.0 = Release|Any CPU
	EndGlobalSection
	GlobalSection(SolutionProperties) = preSolution
		HideSolutionNode = FALSE
	EndGlobalSection
	GlobalSection(ExtensibilityGlobals) = postSolution
		SolutionGuid = {1B4E36BD-CD23-4075-A563-AC77ECFC1000}
	EndGlobalSection
EndGlobal
